<?xml version="1.0" encoding="utf-8"?>
<Project ToolsVersion="4.0" xmlns="http://schemas.microsoft.com/developer/msbuild/2003">
  <ItemGroup>
    <ClCompile Include="ability.cpp">
      <Filter>Resource Files\Framework</Filter>
    </ClCompile>
    <ClCompile Include="BossFight.cpp">
      <Filter>Resource Files\Framework</Filter>
    </ClCompile>
    <ClCompile Include="Framework\console.cpp">
      <Filter>Resource Files\Framework</Filter>
    </ClCompile>
    <ClCompile Include="game.cpp">
      <Filter>Resource Files\Framework</Filter>
    </ClCompile>
    <ClCompile Include="HUD.cpp">
      <Filter>Resource Files\Framework</Filter>
    </ClCompile>
    <ClCompile Include="main.cpp">
      <Filter>Resource Files\Framework</Filter>
    </ClCompile>
    <ClCompile Include="Mapdefination.cpp">
      <Filter>Resource Files\Framework</Filter>
    </ClCompile>
    <ClCompile Include="mapfunctions.cpp">
      <Filter>Resource Files\Framework</Filter>
    </ClCompile>
    <ClCompile Include="minimap.cpp">
      <Filter>Resource Files\Framework</Filter>
    </ClCompile>
    <ClCompile Include="MonsterFight.cpp">
      <Filter>Resource Files\Framework</Filter>
    </ClCompile>
    <ClCompile Include="MovingTraps.cpp">
      <Filter>Resource Files\Framework</Filter>
    </ClCompile>
    <ClCompile Include="projectile.cpp">
      <Filter>Resource Files\Framework</Filter>
    </ClCompile>
    <ClCompile Include="Refills.cpp">
      <Filter>Resource Files\Framework</Filter>
    </ClCompile>
    <ClCompile Include="Screens.cpp">
      <Filter>Resource Files\Framework</Filter>
    </ClCompile>
    <ClCompile Include="Framework\timer.cpp">
      <Filter>Resource Files\Framework</Filter>
    </ClCompile>
    <ClCompile Include="traps.cpp">
      <Filter>Resource Files\Framework</Filter>
    </ClCompile>
  </ItemGroup>
  <ItemGroup>
    <ClInclude Include="Framework\console.h">
      <Filter>HeaderFIles\FrameWork</Filter>
    </ClInclude>
    <ClInclude Include="Framework\timer.h">
      <Filter>HeaderFIles\FrameWork</Filter>
    </ClInclude>
    <ClInclude Include="Map.h">
      <Filter>HeaderFIles</Filter>
    </ClInclude>
    <ClInclude Include="game.h">
      <Filter>HeaderFIles</Filter>
    </ClInclude>
  </ItemGroup>
  <ItemGroup>
    <Filter Include="HeaderFIles">
      <UniqueIdentifier>{f6dcf45c-887c-495b-b961-7fe0cbe00bea}</UniqueIdentifier>
    </Filter>
    <Filter Include="HeaderFIles\FrameWork">
      <UniqueIdentifier>{1301baa5-6bab-43c6-ad7d-2a9fbfbe3bc1}</UniqueIdentifier>
    </Filter>
    <Filter Include="Resource Files">
      <UniqueIdentifier>{0e0e174c-30f7-4175-80ef-5a130ca23e74}</UniqueIdentifier>
    </Filter>
    <Filter Include="Resource Files\Framework">
      <UniqueIdentifier>{66aaa462-5e20-4b64-aed5-4e4db9c8923d}</UniqueIdentifier>
    </Filter>
  </ItemGroup>
</Project>